
Microsoft Visual Studio Solution File, Format Version 12.00
# Visual Studio 15
VisualStudioVersion = 15.0.26730.15
MinimumVisualStudioVersion = 10.0.40219.1
Project("{FAE04EC0-301F-11D3-BF4B-00C04F79EFBC}") = "GameProject", "GameProject\GameProject.csproj", "{B2923AA6-DC49-48DD-87F5-D8951D39AB9D}"
EndProject
Global
	GlobalSection(SolutionConfigurationPlatforms) = preSolution
		Debug|x86 = Debug|x86
		Release|x86 = Release|x86
	EndGlobalSection
	GlobalSection(ProjectConfigurationPlatforms) = postSolution
		{B2923AA6-DC49-48DD-87F5-D8951D39AB9D}.Debug|x86.ActiveCfg = Debug|x86
		{B2923AA6-DC49-48DD-87F5-D8951D39AB9D}.Debug|x86.Build.0 = Debug|x86
		{B2923AA6-DC49-48DD-87F5-D8951D39AB9D}.Release|x86.ActiveCfg = Release|x86
		{B2923AA6-DC49-48DD-87F5-D8951D39AB9D}.Release|x86.Build.0 = Release|x86
	EndGlobalSection
	GlobalSection(SolutionProperties) = preSolution
		HideSolutionNode = FALSE
	EndGlobalSection
	GlobalSection(ExtensibilityGlobals) = postSolution
		SolutionGuid = {920E6829-0351-487A-85ED-6F3B14EB912B}
	EndGlobalSection
EndGlobal
